
Microsoft Visual Studio Solution File, Format Version 12.00
# Visual Studio Version 17
VisualStudioVersion = 17.14.36310.24
MinimumVisualStudioVersion = 10.0.40219.1
Project("{FAE04EC0-301F-11D3-BF4B-00C04F79EFBC}") = "HRPolicyChatbotRAG", "FirstAPIProject\HRPolicyChatbotRAG.csproj", "{6CBDD917-F15F-47DD-A9F4-99EC9C1F9689}"
EndProject
Global
	GlobalSection(SolutionConfigurationPlatforms) = preSolution
		Debug|Any CPU = Debug|Any CPU
		Release|Any CPU = Release|Any CPU
	EndGlobalSection
	GlobalSection(ProjectConfigurationPlatforms) = postSolution
		{6CBDD917-F15F-47DD-A9F4-99EC9C1F9689}.Debug|Any CPU.ActiveCfg = Debug|Any CPU
		{6CBDD917-F15F-47DD-A9F4-99EC9C1F9689}.Debug|Any CPU.Build.0 = Debug|Any CPU
		{6CBDD917-F15F-47DD-A9F4-99EC9C1F9689}.Release|Any CPU.ActiveCfg = Release|Any CPU
		{6CBDD917-F15F-47DD-A9F4-99EC9C1F9689}.Release|Any CPU.Build.0 = Release|Any CPU
	EndGlobalSection
	GlobalSection(SolutionProperties) = preSolution
		HideSolutionNode = FALSE
	EndGlobalSection
	GlobalSection(ExtensibilityGlobals) = postSolution
		SolutionGuid = {531F051E-68A2-4C3B-BFD5-247DC1429E86}
	EndGlobalSection
EndGlobal
